
Microsoft Visual Studio Solution File, Format Version 12.00
# Visual Studio Version 17
VisualStudioVersion = 17.7.34024.191
MinimumVisualStudioVersion = 10.0.40219.1
Project("{FAE04EC0-301F-11D3-BF4B-00C04F79EFBC}") = "Figures", "Figures.csproj", "{CFEE6284-C6BD-4A02-97D3-A5D09412B9E6}"
EndProject
Global
	GlobalSection(SolutionConfigurationPlatforms) = preSolution
		Debug|Any CPU = Debug|Any CPU
		Release|Any CPU = Release|Any CPU
	EndGlobalSection
	GlobalSection(ProjectConfigurationPlatforms) = postSolution
		{CFEE6284-C6BD-4A02-97D3-A5D09412B9E6}.Debug|Any CPU.ActiveCfg = Debug|Any CPU
		{CFEE6284-C6BD-4A02-97D3-A5D09412B9E6}.Debug|Any CPU.Build.0 = Debug|Any CPU
		{CFEE6284-C6BD-4A02-97D3-A5D09412B9E6}.Release|Any CPU.ActiveCfg = Release|Any CPU
		{CFEE6284-C6BD-4A02-97D3-A5D09412B9E6}.Release|Any CPU.Build.0 = Release|Any CPU
	EndGlobalSection
	GlobalSection(SolutionProperties) = preSolution
		HideSolutionNode = FALSE
	EndGlobalSection
	GlobalSection(ExtensibilityGlobals) = postSolution
		SolutionGuid = {10FF2023-4684-484D-8A1B-88790D787D58}
	EndGlobalSection
EndGlobal
